// !$*UTF8*$!
{
	archiveVersion = 1;
	classes = {
	};
	objectVersion = 48;
	objects = {

/* Begin PBXBuildFile section */
		8C1025042024C62B00F9FDC5 /* detailedNote.m in Sources */ = {isa = PBXBuildFile; fileRef = 8C1025032024C62B00F9FDC5 /* detailedNote.m */; };
		8C10250B2025F8B300F9FDC5 /* addNote.m in Sources */ = {isa = PBXBuildFile; fileRef = 8C10250A2025F8B300F9FDC5 /* addNote.m */; };
		8C102513202618D100F9FDC5 /* 172.png in Resources */ = {isa = PBXBuildFile; fileRef = 8C10250D202618D000F9FDC5 /* 172.png */; };
		8C102514202618D100F9FDC5 /* 196.png in Resources */ = {isa = PBXBuildFile; fileRef = 8C10250E202618D100F9FDC5 /* 196.png */; };
		8C102515202618D100F9FDC5 /* 152.png in Resources */ = {isa = PBXBuildFile; fileRef = 8C10250F202618D100F9FDC5 /* 152.png */; };
		8C102516202618D100F9FDC5 /* 88.png in Resources */ = {isa = PBXBuildFile; fileRef = 8C102510202618D100F9FDC5 /* 88.png */; };
		8C102517202618D100F9FDC5 /* 80.png in Resources */ = {isa = PBXBuildFile; fileRef = 8C102511202618D100F9FDC5 /* 80.png */; };
		8C102518202618D100F9FDC5 /* 144.png in Resources */ = {isa = PBXBuildFile; fileRef = 8C102512202618D100F9FDC5 /* 144.png */; };
		8CB5FB9C20244AD200809D45 /* AppDelegate.m in Sources */ = {isa = PBXBuildFile; fileRef = 8CB5FB9B20244AD200809D45 /* AppDelegate.m */; };
		8CB5FB9F20244AD200809D45 /* ViewController.m in Sources */ = {isa = PBXBuildFile; fileRef = 8CB5FB9E20244AD200809D45 /* ViewController.m */; };
		8CB5FBA220244AD200809D45 /* Main.storyboard in Resources */ = {isa = PBXBuildFile; fileRef = 8CB5FBA020244AD200809D45 /* Main.storyboard */; };
		8CB5FBA420244AD200809D45 /* Assets.xcassets in Resources */ = {isa = PBXBuildFile; fileRef = 8CB5FBA320244AD200809D45 /* Assets.xcassets */; };
		8CB5FBA720244AD200809D45 /* LaunchScreen.storyboard in Resources */ = {isa = PBXBuildFile; fileRef = 8CB5FBA520244AD200809D45 /* LaunchScreen.storyboard */; };
		8CB5FBAA20244AD200809D45 /* main.m in Sources */ = {isa = PBXBuildFile; fileRef = 8CB5FBA920244AD200809D45 /* main.m */; };
		8CB5FBB420244AD300809D45 /* meepoTests.m in Sources */ = {isa = PBXBuildFile; fileRef = 8CB5FBB320244AD300809D45 /* meepoTests.m */; };
		8CB5FBBF20244AD300809D45 /* meepoUITests.m in Sources */ = {isa = PBXBuildFile; fileRef = 8CB5FBBE20244AD300809D45 /* meepoUITests.m */; };
		8CB5FBD120244BE600809D45 /* Colors.m in Sources */ = {isa = PBXBuildFile; fileRef = 8CB5FBCD20244BE500809D45 /* Colors.m */; };
		8CB5FBD220244BE600809D45 /* Fonts.m in Sources */ = {isa = PBXBuildFile; fileRef = 8CB5FBCE20244BE600809D45 /* Fonts.m */; };
		8CB5FBD620244DA800809D45 /* notesCell.m in Sources */ = {isa = PBXBuildFile; fileRef = 8CB5FBD520244DA800809D45 /* notesCell.m */; };
		8CB5FBDA202463D600809D45 /* httpData.m in Sources */ = {isa = PBXBuildFile; fileRef = 8CB5FBD9202463D600809D45 /* httpData.m */; };
/* End PBXBuildFile section */

/* Begin PBXContainerItemProxy section */
		8CB5FBB020244AD300809D45 /* PBXContainerItemProxy */ = {
			isa = PBXContainerItemProxy;
			containerPortal = 8CB5FB8F20244AD200809D45 /* Project object */;
			proxyType = 1;
			remoteGlobalIDString = 8CB5FB9620244AD200809D45;
			remoteInfo = meepo;
		};
		8CB5FBBB20244AD300809D45 /* PBXContainerItemProxy */ = {
			isa = PBXContainerItemProxy;
			containerPortal = 8CB5FB8F20244AD200809D45 /* Project object */;
			proxyType = 1;
			remoteGlobalIDString = 8CB5FB9620244AD200809D45;
			remoteInfo = meepo;
		};
/* End PBXContainerItemProxy section */

/* Begin PBXFileReference section */
		8C1025022024C62B00F9FDC5 /* detailedNote.h */ = {isa = PBXFileReference; lastKnownFileType = sourcecode.c.h; path = detailedNote.h; sourceTree = "<group>"; };
		8C1025032024C62B00F9FDC5 /* detailedNote.m */ = {isa = PBXFileReference; lastKnownFileType = sourcecode.c.objc; path = detailedNote.m; sourceTree = "<group>"; };
		8C1025092025F8B300F9FDC5 /* addNote.h */ = {isa = PBXFileReference; lastKnownFileType = sourcecode.c.h; path = addNote.h; sourceTree = "<group>"; };
		8C10250A2025F8B300F9FDC5 /* addNote.m */ = {isa = PBXFileReference; lastKnownFileType = sourcecode.c.objc; path = addNote.m; sourceTree = "<group>"; };
		8C10250D202618D000F9FDC5 /* 172.png */ = {isa = PBXFileReference; lastKnownFileType = image.png; path = 172.png; sourceTree = "<group>"; };
		8C10250E202618D100F9FDC5 /* 196.png */ = {isa = PBXFileReference; lastKnownFileType = image.png; path = 196.png; sourceTree = "<group>"; };
		8C10250F202618D100F9FDC5 /* 152.png */ = {isa = PBXFileReference; lastKnownFileType = image.png; path = 152.png; sourceTree = "<group>"; };
		8C102510202618D100F9FDC5 /* 88.png */ = {isa = PBXFileReference; lastKnownFileType = image.png; path = 88.png; sourceTree = "<group>"; };
		8C102511202618D100F9FDC5 /* 80.png */ = {isa = PBXFileReference; lastKnownFileType = image.png; path = 80.png; sourceTree = "<group>"; };
		8C102512202618D100F9FDC5 /* 144.png */ = {isa = PBXFileReference; lastKnownFileType = image.png; path = 144.png; sourceTree = "<group>"; };
		8CB5FB9720244AD200809D45 /* meepo.app */ = {isa = PBXFileReference; explicitFileType = wrapper.application; includeInIndex = 0; path = meepo.app; sourceTree = BUILT_PRODUCTS_DIR; };
		8CB5FB9A20244AD200809D45 /* AppDelegate.h */ = {isa = PBXFileReference; lastKnownFileType = sourcecode.c.h; path = AppDelegate.h; sourceTree = "<group>"; };
		8CB5FB9B20244AD200809D45 /* AppDelegate.m */ = {isa = PBXFileReference; lastKnownFileType = sourcecode.c.objc; path = AppDelegate.m; sourceTree = "<group>"; };
		8CB5FB9D20244AD200809D45 /* ViewController.h */ = {isa = PBXFileReference; lastKnownFileType = sourcecode.c.h; path = ViewController.h; sourceTree = "<group>"; };
		8CB5FB9E20244AD200809D45 /* ViewController.m */ = {isa = PBXFileReference; lastKnownFileType = sourcecode.c.objc; path = ViewController.m; sourceTree = "<group>"; };
		8CB5FBA120244AD200809D45 /* Base */ = {isa = PBXFileReference; lastKnownFileType = file.storyboard; name = Base; path = Base.lproj/Main.storyboard; sourceTree = "<group>"; };
		8CB5FBA320244AD200809D45 /* Assets.xcassets */ = {isa = PBXFileReference; lastKnownFileType = folder.assetcatalog; path = Assets.xcassets; sourceTree = "<group>"; };
		8CB5FBA620244AD200809D45 /* Base */ = {isa = PBXFileReference; lastKnownFileType = file.storyboard; name = Base; path = Base.lproj/LaunchScreen.storyboard; sourceTree = "<group>"; };
		8CB5FBA820244AD200809D45 /* Info.plist */ = {isa = PBXFileReference; lastKnownFileType = text.plist.xml; path = Info.plist; sourceTree = "<group>"; };
		8CB5FBA920244AD200809D45 /* main.m */ = {isa = PBXFileReference; lastKnownFileType = sourcecode.c.objc; path = main.m; sourceTree = "<group>"; };
		8CB5FBAF20244AD300809D45 /* meepoTests.xctest */ = {isa = PBXFileReference; explicitFileType = wrapper.cfbundle; includeInIndex = 0; path = meepoTests.xctest; sourceTree = BUILT_PRODUCTS_DIR; };
		8CB5FBB320244AD300809D45 /* meepoTests.m */ = {isa = PBXFileReference; lastKnownFileType = sourcecode.c.objc; path = meepoTests.m; sourceTree = "<group>"; };
		8CB5FBB520244AD300809D45 /* Info.plist */ = {isa = PBXFileReference; lastKnownFileType = text.plist.xml; path = Info.plist; sourceTree = "<group>"; };
		8CB5FBBA20244AD300809D45 /* meepoUITests.xctest */ = {isa = PBXFileReference; explicitFileType = wrapper.cfbundle; includeInIndex = 0; path = meepoUITests.xctest; sourceTree = BUILT_PRODUCTS_DIR; };
		8CB5FBBE20244AD300809D45 /* meepoUITests.m */ = {isa = PBXFileReference; lastKnownFileType = sourcecode.c.objc; path = meepoUITests.m; sourceTree = "<group>"; };
		8CB5FBC020244AD300809D45 /* Info.plist */ = {isa = PBXFileReference; lastKnownFileType = text.plist.xml; path = Info.plist; sourceTree = "<group>"; };
		8CB5FBCD20244BE500809D45 /* Colors.m */ = {isa = PBXFileReference; fileEncoding = 4; lastKnownFileType = sourcecode.c.objc; path = Colors.m; sourceTree = "<group>"; };
		8CB5FBCE20244BE600809D45 /* Fonts.m */ = {isa = PBXFileReference; fileEncoding = 4; lastKnownFileType = sourcecode.c.objc; path = Fonts.m; sourceTree = "<group>"; };
		8CB5FBCF20244BE600809D45 /* Fonts.h */ = {isa = PBXFileReference; fileEncoding = 4; lastKnownFileType = sourcecode.c.h; path = Fonts.h; sourceTree = "<group>"; };
		8CB5FBD020244BE600809D45 /* Colors.h */ = {isa = PBXFileReference; fileEncoding = 4; lastKnownFileType = sourcecode.c.h; path = Colors.h; sourceTree = "<group>"; };
		8CB5FBD420244DA800809D45 /* notesCell.h */ = {isa = PBXFileReference; lastKnownFileType = sourcecode.c.h; path = notesCell.h; sourceTree = "<group>"; };
		8CB5FBD520244DA800809D45 /* notesCell.m */ = {isa = PBXFileReference; lastKnownFileType = sourcecode.c.objc; path = notesCell.m; sourceTree = "<group>"; };
		8CB5FBD8202463D600809D45 /* httpData.h */ = {isa = PBXFileReference; lastKnownFileType = sourcecode.c.h; path = httpData.h; sourceTree = "<group>"; };
		8CB5FBD9202463D600809D45 /* httpData.m */ = {isa = PBXFileReference; lastKnownFileType = sourcecode.c.objc; path = httpData.m; sourceTree = "<group>"; };
/* End PBXFileReference section */

/* Begin PBXFrameworksBuildPhase section */
		8CB5FB9420244AD200809D45 /* Frameworks */ = {
			isa = PBXFrameworksBuildPhase;
			buildActionMask = 2147483647;
			files = (
			);
			runOnlyForDeploymentPostprocessing = 0;
		};
		8CB5FBAC20244AD300809D45 /* Frameworks */ = {
			isa = PBXFrameworksBuildPhase;
			buildActionMask = 2147483647;
			files = (
			);
			runOnlyForDeploymentPostprocessing = 0;
		};
		8CB5FBB720244AD300809D45 /* Frameworks */ = {
			isa = PBXFrameworksBuildPhase;
			buildActionMask = 2147483647;
			files = (
			);
			runOnlyForDeploymentPostprocessing = 0;
		};
/* End PBXFrameworksBuildPhase section */

/* Begin PBXGroup section */
		8C10250C2026186A00F9FDC5 /* Icons */ = {
			isa = PBXGroup;
			children = (
				8C102511202618D100F9FDC5 /* 80.png */,
				8C102510202618D100F9FDC5 /* 88.png */,
				8C102512202618D100F9FDC5 /* 144.png */,
				8C10250F202618D100F9FDC5 /* 152.png */,
				8C10250D202618D000F9FDC5 /* 172.png */,
				8C10250E202618D100F9FDC5 /* 196.png */,
			);
			path = Icons;
			sourceTree = "<group>";
		};
		8CB5FB8E20244AD200809D45 = {
			isa = PBXGroup;
			children = (
				8CB5FB9920244AD200809D45 /* meepo */,
				8CB5FBB220244AD300809D45 /* meepoTests */,
				8CB5FBBD20244AD300809D45 /* meepoUITests */,
				8CB5FB9820244AD200809D45 /* Products */,
			);
			sourceTree = "<group>";
		};
		8CB5FB9820244AD200809D45 /* Products */ = {
			isa = PBXGroup;
			children = (
				8CB5FB9720244AD200809D45 /* meepo.app */,
				8CB5FBAF20244AD300809D45 /* meepoTests.xctest */,
				8CB5FBBA20244AD300809D45 /* meepoUITests.xctest */,
			);
			name = Products;
			sourceTree = "<group>";
		};
		8CB5FB9920244AD200809D45 /* meepo */ = {
			isa = PBXGroup;
			children = (
				8C10250C2026186A00F9FDC5 /* Icons */,
				8CB5FBD7202463C000809D45 /* http */,
				8CB5FBD320244D8A00809D45 /* cell */,
				8CB5FBCC20244BD200809D45 /* design */,
				8CB5FB9A20244AD200809D45 /* AppDelegate.h */,
				8CB5FB9B20244AD200809D45 /* AppDelegate.m */,
				8CB5FB9D20244AD200809D45 /* ViewController.h */,
				8CB5FB9E20244AD200809D45 /* ViewController.m */,
				8CB5FBA020244AD200809D45 /* Main.storyboard */,
				8CB5FBA320244AD200809D45 /* Assets.xcassets */,
				8CB5FBA520244AD200809D45 /* LaunchScreen.storyboard */,
				8CB5FBA820244AD200809D45 /* Info.plist */,
				8CB5FBA920244AD200809D45 /* main.m */,
				8C1025022024C62B00F9FDC5 /* detailedNote.h */,
				8C1025032024C62B00F9FDC5 /* detailedNote.m */,
				8C1025092025F8B300F9FDC5 /* addNote.h */,
				8C10250A2025F8B300F9FDC5 /* addNote.m */,
			);
			path = meepo;
			sourceTree = "<group>";
		};
		8CB5FBB220244AD300809D45 /* meepoTests */ = {
			isa = PBXGroup;
			children = (
				8CB5FBB320244AD300809D45 /* meepoTests.m */,
				8CB5FBB520244AD300809D45 /* Info.plist */,
			);
			path = meepoTests;
			sourceTree = "<group>";
		};
		8CB5FBBD20244AD300809D45 /* meepoUITests */ = {
			isa = PBXGroup;
			children = (
				8CB5FBBE20244AD300809D45 /* meepoUITests.m */,
				8CB5FBC020244AD300809D45 /* Info.plist */,
			);
			path = meepoUITests;
			sourceTree = "<group>";
		};
		8CB5FBCC20244BD200809D45 /* design */ = {
			isa = PBXGroup;
			children = (
				8CB5FBD020244BE600809D45 /* Colors.h */,
				8CB5FBCD20244BE500809D45 /* Colors.m */,
				8CB5FBCF20244BE600809D45 /* Fonts.h */,
				8CB5FBCE20244BE600809D45 /* Fonts.m */,
			);
			path = design;
			sourceTree = "<group>";
		};
		8CB5FBD320244D8A00809D45 /* cell */ = {
			isa = PBXGroup;
			children = (
				8CB5FBD420244DA800809D45 /* notesCell.h */,
				8CB5FBD520244DA800809D45 /* notesCell.m */,
			);
			path = cell;
			sourceTree = "<group>";
		};
		8CB5FBD7202463C000809D45 /* http */ = {
			isa = PBXGroup;
			children = (
				8CB5FBD8202463D600809D45 /* httpData.h */,
				8CB5FBD9202463D600809D45 /* httpData.m */,
			);
			path = http;
			sourceTree = "<group>";
		};
/* End PBXGroup section */

/* Begin PBXNativeTarget section */
		8CB5FB9620244AD200809D45 /* meepo */ = {
			isa = PBXNativeTarget;
			buildConfigurationList = 8CB5FBC320244AD300809D45 /* Build configuration list for PBXNativeTarget "meepo" */;
			buildPhases = (
				8CB5FB9320244AD200809D45 /* Sources */,
				8CB5FB9420244AD200809D45 /* Frameworks */,
				8CB5FB9520244AD200809D45 /* Resources */,
			);
			buildRules = (
			);
			dependencies = (
			);
			name = meepo;
			productName = meepo;
			productReference = 8CB5FB9720244AD200809D45 /* meepo.app */;
			productType = "com.apple.product-type.application";
		};
		8CB5FBAE20244AD300809D45 /* meepoTests */ = {
			isa = PBXNativeTarget;
			buildConfigurationList = 8CB5FBC620244AD300809D45 /* Build configuration list for PBXNativeTarget "meepoTests" */;
			buildPhases = (
				8CB5FBAB20244AD300809D45 /* Sources */,
				8CB5FBAC20244AD300809D45 /* Frameworks */,
				8CB5FBAD20244AD300809D45 /* Resources */,
			);
			buildRules = (
			);
			dependencies = (
				8CB5FBB120244AD300809D45 /* PBXTargetDependency */,
			);
			name = meepoTests;
			productName = meepoTests;
			productReference = 8CB5FBAF20244AD300809D45 /* meepoTests.xctest */;
			productType = "com.apple.product-type.bundle.unit-test";
		};
		8CB5FBB920244AD300809D45 /* meepoUITests */ = {
			isa = PBXNativeTarget;
			buildConfigurationList = 8CB5FBC920244AD300809D45 /* Build configuration list for PBXNativeTarget "meepoUITests" */;
			buildPhases = (
				8CB5FBB620244AD300809D45 /* Sources */,
				8CB5FBB720244AD300809D45 /* Frameworks */,
				8CB5FBB820244AD300809D45 /* Resources */,
			);
			buildRules = (
			);
			dependencies = (
				8CB5FBBC20244AD300809D45 /* PBXTargetDependency */,
			);
			name = meepoUITests;
			productName = meepoUITests;
			productReference = 8CB5FBBA20244AD300809D45 /* meepoUITests.xctest */;
			productType = "com.apple.product-type.bundle.ui-testing";
		};
/* End PBXNativeTarget section */

/* Begin PBXProject section */
		8CB5FB8F20244AD200809D45 /* Project object */ = {
			isa = PBXProject;
			attributes = {
				LastUpgradeCheck = 0920;
				ORGANIZATIONNAME = "Mikael Melander";
				TargetAttributes = {
					8CB5FB9620244AD200809D45 = {
						CreatedOnToolsVersion = 9.2;
						ProvisioningStyle = Automatic;
					};
					8CB5FBAE20244AD300809D45 = {
						CreatedOnToolsVersion = 9.2;
						ProvisioningStyle = Automatic;
						TestTargetID = 8CB5FB9620244AD200809D45;
					};
					8CB5FBB920244AD300809D45 = {
						CreatedOnToolsVersion = 9.2;
						ProvisioningStyle = Automatic;
						TestTargetID = 8CB5FB9620244AD200809D45;
					};
				};
			};
			buildConfigurationList = 8CB5FB9220244AD200809D45 /* Build configuration list for PBXProject "meepo" */;
			compatibilityVersion = "Xcode 8.0";
			developmentRegion = en;
			hasScannedForEncodings = 0;
			knownRegions = (
				en,
				Base,
			);
			mainGroup = 8CB5FB8E20244AD200809D45;
			productRefGroup = 8CB5FB9820244AD200809D45 /* Products */;
			projectDirPath = "";
			projectRoot = "";
			targets = (
				8CB5FB9620244AD200809D45 /* meepo */,
				8CB5FBAE20244AD300809D45 /* meepoTests */,
				8CB5FBB920244AD300809D45 /* meepoUITests */,
			);
		};
/* End PBXProject section */

/* Begin PBXResourcesBuildPhase section */
		8CB5FB9520244AD200809D45 /* Resources */ = {
			isa = PBXResourcesBuildPhase;
			buildActionMask = 2147483647;
			files = (
				8C102514202618D100F9FDC5 /* 196.png in Resources */,
				8C102516202618D100F9FDC5 /* 88.png in Resources */,
				8C102515202618D100F9FDC5 /* 152.png in Resources */,
				8C102513202618D100F9FDC5 /* 172.png in Resources */,
				8CB5FBA720244AD200809D45 /* LaunchScreen.storyboard in Resources */,
				8CB5FBA420244AD200809D45 /* Assets.xcassets in Resources */,
				8C102517202618D100F9FDC5 /* 80.png in Resources */,
				8CB5FBA220244AD200809D45 /* Main.storyboard in Resources */,
				8C102518202618D100F9FDC5 /* 144.png in Resources */,
			);
			runOnlyForDeploymentPostprocessing = 0;
		};
		8CB5FBAD20244AD300809D45 /* Resources */ = {
			isa = PBXResourcesBuildPhase;
			buildActionMask = 2147483647;
			files = (
			);
			runOnlyForDeploymentPostprocessing = 0;
		};
		8CB5FBB820244AD300809D45 /* Resources */ = {
			isa = PBXResourcesBuildPhase;
			buildActionMask = 2147483647;
			files = (
			);
			runOnlyForDeploymentPostprocessing = 0;
		};
/* End PBXResourcesBuildPhase section */

/* Begin PBXSourcesBuildPhase section */
		8CB5FB9320244AD200809D45 /* Sources */ = {
			isa = PBXSourcesBuildPhase;
			buildActionMask = 2147483647;
			files = (
				8CB5FBDA202463D600809D45 /* httpData.m in Sources */,
				8CB5FB9F20244AD200809D45 /* ViewController.m in Sources */,
				8C10250B2025F8B300F9FDC5 /* addNote.m in Sources */,
				8CB5FBD120244BE600809D45 /* Colors.m in Sources */,
				8C1025042024C62B00F9FDC5 /* detailedNote.m in Sources */,
				8CB5FBAA20244AD200809D45 /* main.m in Sources */,
				8CB5FBD620244DA800809D45 /* notesCell.m in Sources */,
				8CB5FB9C20244AD200809D45 /* AppDelegate.m in Sources */,
				8CB5FBD220244BE600809D45 /* Fonts.m in Sources */,
			);
			runOnlyForDeploymentPostprocessing = 0;
		};
		8CB5FBAB20244AD300809D45 /* Sources */ = {
			isa = PBXSourcesBuildPhase;
			buildActionMask = 2147483647;
			files = (
				8CB5FBB420244AD300809D45 /* meepoTests.m in Sources */,
			);
			runOnlyForDeploymentPostprocessing = 0;
		};
		8CB5FBB620244AD300809D45 /* Sources */ = {
			isa = PBXSourcesBuildPhase;
			buildActionMask = 2147483647;
			files = (
				8CB5FBBF20244AD300809D45 /* meepoUITests.m in Sources */,
			);
			runOnlyForDeploymentPostprocessing = 0;
		};
/* End PBXSourcesBuildPhase section */

/* Begin PBXTargetDependency section */
		8CB5FBB120244AD300809D45 /* PBXTargetDependency */ = {
			isa = PBXTargetDependency;
			target = 8CB5FB9620244AD200809D45 /* meepo */;
			targetProxy = 8CB5FBB020244AD300809D45 /* PBXContainerItemProxy */;
		};
		8CB5FBBC20244AD300809D45 /* PBXTargetDependency */ = {
			isa = PBXTargetDependency;
			target = 8CB5FB9620244AD200809D45 /* meepo */;
			targetProxy = 8CB5FBBB20244AD300809D45 /* PBXContainerItemProxy */;
		};
/* End PBXTargetDependency section */

/* Begin PBXVariantGroup section */
		8CB5FBA020244AD200809D45 /* Main.storyboard */ = {
			isa = PBXVariantGroup;
			children = (
				8CB5FBA120244AD200809D45 /* Base */,
			);
			name = Main.storyboard;
			sourceTree = "<group>";
		};
		8CB5FBA520244AD200809D45 /* LaunchScreen.storyboard */ = {
			isa = PBXVariantGroup;
			children = (
				8CB5FBA620244AD200809D45 /* Base */,
			);
			name = LaunchScreen.storyboard;
			sourceTree = "<group>";
		};
/* End PBXVariantGroup section */

/* Begin XCBuildConfiguration section */
		8CB5FBC120244AD300809D45 /* Debug */ = {
			isa = XCBuildConfiguration;
			buildSettings = {
				ALWAYS_SEARCH_USER_PATHS = NO;
				CLANG_ANALYZER_NONNULL = YES;
				CLANG_ANALYZER_NUMBER_OBJECT_CONVERSION = YES_AGGRESSIVE;
				CLANG_CXX_LANGUAGE_STANDARD = "gnu++14";
				CLANG_CXX_LIBRARY = "libc++";
				CLANG_ENABLE_MODULES = YES;
				CLANG_ENABLE_OBJC_ARC = YES;
				CLANG_WARN_BLOCK_CAPTURE_AUTORELEASING = YES;
				CLANG_WARN_BOOL_CONVERSION = YES;
				CLANG_WARN_COMMA = YES;
				CLANG_WARN_CONSTANT_CONVERSION = YES;
				CLANG_WARN_DIRECT_OBJC_ISA_USAGE = YES_ERROR;
				CLANG_WARN_DOCUMENTATION_COMMENTS = YES;
				CLANG_WARN_EMPTY_BODY = YES;
				CLANG_WARN_ENUM_CONVERSION = YES;
				CLANG_WARN_INFINITE_RECURSION = YES;
				CLANG_WARN_INT_CONVERSION = YES;
				CLANG_WARN_NON_LITERAL_NULL_CONVERSION = YES;
				CLANG_WARN_OBJC_LITERAL_CONVERSION = YES;
				CLANG_WARN_OBJC_ROOT_CLASS = YES_ERROR;
				CLANG_WARN_RANGE_LOOP_ANALYSIS = YES;
				CLANG_WARN_STRICT_PROTOTYPES = YES;
				CLANG_WARN_SUSPICIOUS_MOVE = YES;
				CLANG_WARN_UNGUARDED_AVAILABILITY = YES_AGGRESSIVE;
				CLANG_WARN_UNREACHABLE_CODE = YES;
				CLANG_WARN__DUPLICATE_METHOD_MATCH = YES;
				CODE_SIGN_IDENTITY = "iPhone Developer";
				COPY_PHASE_STRIP = NO;
				DEBUG_INFORMATION_FORMAT = dwarf;
				ENABLE_STRICT_OBJC_MSGSEND = YES;
				ENABLE_TESTABILITY = YES;
				GCC_C_LANGUAGE_STANDARD = gnu11;
				GCC_DYNAMIC_NO_PIC = NO;
				GCC_NO_COMMON_BLOCKS = YES;
				GCC_OPTIMIZATION_LEVEL = 0;
				GCC_PREPROCESSOR_DEFINITIONS = (
					"DEBUG=1",
					"$(inherited)",
				);
				GCC_WARN_64_TO_32_BIT_CONVERSION = YES;
				GCC_WARN_ABOUT_RETURN_TYPE = YES_ERROR;
				GCC_WARN_UNDECLARED_SELECTOR = YES;
				GCC_WARN_UNINITIALIZED_AUTOS = YES_AGGRESSIVE;
				GCC_WARN_UNUSED_FUNCTION = YES;
				GCC_WARN_UNUSED_VARIABLE = YES;
				IPHONEOS_DEPLOYMENT_TARGET = 11.2;
				MTL_ENABLE_DEBUG_INFO = YES;
				ONLY_ACTIVE_ARCH = YES;
				SDKROOT = iphoneos;
			};
			name = Debug;
		};
		8CB5FBC220244AD300809D45 /* Release */ = {
			isa = XCBuildConfiguration;
			buildSettings = {
				ALWAYS_SEARCH_USER_PATHS = NO;
				CLANG_ANALYZER_NONNULL = YES;
				CLANG_ANALYZER_NUMBER_OBJECT_CONVERSION = YES_AGGRESSIVE;
				CLANG_CXX_LANGUAGE_STANDARD = "gnu++14";
				CLANG_CXX_LIBRARY = "libc++";
				CLANG_ENABLE_MODULES = YES;
				CLANG_ENABLE_OBJC_ARC = YES;
				CLANG_WARN_BLOCK_CAPTURE_AUTORELEASING = YES;
				CLANG_WARN_BOOL_CONVERSION = YES;
				CLANG_WARN_COMMA = YES;
				CLANG_WARN_CONSTANT_CONVERSION = YES;
				CLANG_WARN_DIRECT_OBJC_ISA_USAGE = YES_ERROR;
				CLANG_WARN_DOCUMENTATION_COMMENTS = YES;
				CLANG_WARN_EMPTY_BODY = YES;
				CLANG_WARN_ENUM_CONVERSION = YES;
				CLANG_WARN_INFINITE_RECURSION = YES;
				CLANG_WARN_INT_CONVERSION = YES;
				CLANG_WARN_NON_LITERAL_NULL_CONVERSION = YES;
				CLANG_WARN_OBJC_LITERAL_CONVERSION = YES;
				CLANG_WARN_OBJC_ROOT_CLASS = YES_ERROR;
				CLANG_WARN_RANGE_LOOP_ANALYSIS = YES;
				CLANG_WARN_STRICT_PROTOTYPES = YES;
				CLANG_WARN_SUSPICIOUS_MOVE = YES;
				CLANG_WARN_UNGUARDED_AVAILABILITY = YES_AGGRESSIVE;
				CLANG_WARN_UNREACHABLE_CODE = YES;
				CLANG_WARN__DUPLICATE_METHOD_MATCH = YES;
				CODE_SIGN_IDENTITY = "iPhone Developer";
				COPY_PHASE_STRIP = NO;
				DEBUG_INFORMATION_FORMAT = "dwarf-with-dsym";
				ENABLE_NS_ASSERTIONS = NO;
				ENABLE_STRICT_OBJC_MSGSEND = YES;
				GCC_C_LANGUAGE_STANDARD = gnu11;
				GCC_NO_COMMON_BLOCKS = YES;
				GCC_WARN_64_TO_32_BIT_CONVERSION = YES;
				GCC_WARN_ABOUT_RETURN_TYPE = YES_ERROR;
				GCC_WARN_UNDECLARED_SELECTOR = YES;
				GCC_WARN_UNINITIALIZED_AUTOS = YES_AGGRESSIVE;
				GCC_WARN_UNUSED_FUNCTION = YES;
				GCC_WARN_UNUSED_VARIABLE = YES;
				IPHONEOS_DEPLOYMENT_TARGET = 11.2;
				MTL_ENABLE_DEBUG_INFO = NO;
				SDKROOT = iphoneos;
				VALIDATE_PRODUCT = YES;
			};
			name = Release;
		};
		8CB5FBC420244AD300809D45 /* Debug */ = {
			isa = XCBuildConfiguration;
			buildSettings = {
				ASSETCATALOG_COMPILER_APPICON_NAME = AppIcon;
				CODE_SIGN_STYLE = Automatic;
				DEVELOPMENT_TEAM = 9857A47KFY;
				INFOPLIST_FILE = meepo/Info.plist;
				IPHONEOS_DEPLOYMENT_TARGET = 11.0;
				LD_RUNPATH_SEARCH_PATHS = "$(inherited) @executable_path/Frameworks";
				PRODUCT_BUNDLE_IDENTIFIER = com.mikaelmelander.meepo.meepo;
				PRODUCT_NAME = "$(TARGET_NAME)";
				TARGETED_DEVICE_FAMILY = "1,2";
			};
			name = Debug;
		};
		8CB5FBC520244AD300809D45 /* Release */ = {
			isa = XCBuildConfiguration;
			buildSettings = {
				ASSETCATALOG_COMPILER_APPICON_NAME = AppIcon;
				CODE_SIGN_STYLE = Automatic;
				DEVELOPMENT_TEAM = 9857A47KFY;
				INFOPLIST_FILE = meepo/Info.plist;
				IPHONEOS_DEPLOYMENT_TARGET = 11.0;
				LD_RUNPATH_SEARCH_PATHS = "$(inherited) @executable_path/Frameworks";
				PRODUCT_BUNDLE_IDENTIFIER = com.mikaelmelander.meepo.meepo;
				PRODUCT_NAME = "$(TARGET_NAME)";
				TARGETED_DEVICE_FAMILY = "1,2";
			};
			name = Release;
		};
		8CB5FBC720244AD300809D45 /* Debug */ = {
			isa = XCBuildConfiguration;
			buildSettings = {
				BUNDLE_LOADER = "$(TEST_HOST)";
				CODE_SIGN_STYLE = Automatic;
				DEVELOPMENT_TEAM = 9857A47KFY;
				INFOPLIST_FILE = meepoTests/Info.plist;
				LD_RUNPATH_SEARCH_PATHS = "$(inherited) @executable_path/Frameworks @loader_path/Frameworks";
				PRODUCT_BUNDLE_IDENTIFIER = com.mikaelmelander.meepo.meepoTests;
				PRODUCT_NAME = "$(TARGET_NAME)";
				TARGETED_DEVICE_FAMILY = "1,2";
				TEST_HOST = "$(BUILT_PRODUCTS_DIR)/meepo.app/meepo";
			};
			name = Debug;
		};
		8CB5FBC820244AD300809D45 /* Release */ = {
			isa = XCBuildConfiguration;
			buildSettings = {
				BUNDLE_LOADER = "$(TEST_HOST)";
				CODE_SIGN_STYLE = Automatic;
				DEVELOPMENT_TEAM = 9857A47KFY;
				INFOPLIST_FILE = meepoTests/Info.plist;
				LD_RUNPATH_SEARCH_PATHS = "$(inherited) @executable_path/Frameworks @loader_path/Frameworks";
				PRODUCT_BUNDLE_IDENTIFIER = com.mikaelmelander.meepo.meepoTests;
				PRODUCT_NAME = "$(TARGET_NAME)";
				TARGETED_DEVICE_FAMILY = "1,2";
				TEST_HOST = "$(BUILT_PRODUCTS_DIR)/meepo.app/meepo";
			};
			name = Release;
		};
		8CB5FBCA20244AD300809D45 /* Debug */ = {
			isa = XCBuildConfiguration;
			buildSettings = {
				CODE_SIGN_STYLE = Automatic;
				DEVELOPMENT_TEAM = 9857A47KFY;
				INFOPLIST_FILE = meepoUITests/Info.plist;
				LD_RUNPATH_SEARCH_PATHS = "$(inherited) @executable_path/Frameworks @loader_path/Frameworks";
				PRODUCT_BUNDLE_IDENTIFIER = com.mikaelmelander.meepo.meepoUITests;
				PRODUCT_NAME = "$(TARGET_NAME)";
				TARGETED_DEVICE_FAMILY = "1,2";
				TEST_TARGET_NAME = meepo;
			};
			name = Debug;
		};
		8CB5FBCB20244AD300809D45 /* Release */ = {
			isa = XCBuildConfiguration;
			buildSettings = {
				CODE_SIGN_STYLE = Automatic;
				DEVELOPMENT_TEAM = 9857A47KFY;
				INFOPLIST_FILE = meepoUITests/Info.plist;
				LD_RUNPATH_SEARCH_PATHS = "$(inherited) @executable_path/Frameworks @loader_path/Frameworks";
				PRODUCT_BUNDLE_IDENTIFIER = com.mikaelmelander.meepo.meepoUITests;
				PRODUCT_NAME = "$(TARGET_NAME)";
				TARGETED_DEVICE_FAMILY = "1,2";
				TEST_TARGET_NAME = meepo;
			};
			name = Release;
		};
/* End XCBuildConfiguration section */

/* Begin XCConfigurationList section */
		8CB5FB9220244AD200809D45 /* Build configuration list for PBXProject "meepo" */ = {
			isa = XCConfigurationList;
			buildConfigurations = (
				8CB5FBC120244AD300809D45 /* Debug */,
				8CB5FBC220244AD300809D45 /* Release */,
			);
			defaultConfigurationIsVisible = 0;
			defaultConfigurationName = Release;
		};
		8CB5FBC320244AD300809D45 /* Build configuration list for PBXNativeTarget "meepo" */ = {
			isa = XCConfigurationList;
			buildConfigurations = (
				8CB5FBC420244AD300809D45 /* Debug */,
				8CB5FBC520244AD300809D45 /* Release */,
			);
			defaultConfigurationIsVisible = 0;
			defaultConfigurationName = Release;
		};
		8CB5FBC620244AD300809D45 /* Build configuration list for PBXNativeTarget "meepoTests" */ = {
			isa = XCConfigurationList;
			buildConfigurations = (
				8CB5FBC720244AD300809D45 /* Debug */,
				8CB5FBC820244AD300809D45 /* Release */,
			);
			defaultConfigurationIsVisible = 0;
			defaultConfigurationName = Release;
		};
		8CB5FBC920244AD300809D45 /* Build configuration list for PBXNativeTarget "meepoUITests" */ = {
			isa = XCConfigurationList;
			buildConfigurations = (
				8CB5FBCA20244AD300809D45 /* Debug */,
				8CB5FBCB20244AD300809D45 /* Release */,
			);
			defaultConfigurationIsVisible = 0;
			defaultConfigurationName = Release;
		};
/* End XCConfigurationList section */
	};
	rootObject = 8CB5FB8F20244AD200809D45 /* Project object */;
}
